
Microsoft Visual Studio Solution File, Format Version 12.00
# Visual Studio 15
VisualStudioVersion = 15.0.28010.2036
MinimumVisualStudioVersion = 10.0.40219.1
Project("{FAE04EC0-301F-11D3-BF4B-00C04F79EFBC}") = "Assign2", "Assign2\Assign2.csproj", "{629D6582-D71F-4D21-96BE-2E4CB8D2B8DD}"
EndProject
Global
	GlobalSection(SolutionConfigurationPlatforms) = preSolution
		Debug|Any CPU = Debug|Any CPU
		Release|Any CPU = Release|Any CPU
	EndGlobalSection
	GlobalSection(ProjectConfigurationPlatforms) = postSolution
		{629D6582-D71F-4D21-96BE-2E4CB8D2B8DD}.Debug|Any CPU.ActiveCfg = Debug|Any CPU
		{629D6582-D71F-4D21-96BE-2E4CB8D2B8DD}.Debug|Any CPU.Build.0 = Debug|Any CPU
		{629D6582-D71F-4D21-96BE-2E4CB8D2B8DD}.Release|Any CPU.ActiveCfg = Release|Any CPU
		{629D6582-D71F-4D21-96BE-2E4CB8D2B8DD}.Release|Any CPU.Build.0 = Release|Any CPU
	EndGlobalSection
	GlobalSection(SolutionProperties) = preSolution
		HideSolutionNode = FALSE
	EndGlobalSection
	GlobalSection(ExtensibilityGlobals) = postSolution
		SolutionGuid = {B02964EE-7879-4868-8419-E4C600CDF33D}
	EndGlobalSection
EndGlobal
